
Microsoft Visual Studio Solution File, Format Version 12.00
# Visual Studio 2012
Project("{FAE04EC0-301F-11D3-BF4B-00C04F79EFBC}") = "QuizBang", "QuizBang\QuizBang.csproj", "{5B01A510-6545-43EC-A1CF-99C9740A4D1C}"
EndProject
Project("{FAE04EC0-301F-11D3-BF4B-00C04F79EFBC}") = "QuizBang.Test", "QuizBang.Test\QuizBang.Test.csproj", "{C7E2ACC0-1399-4C9F-9ED7-AF1F69FFF3C9}"
EndProject
Project("{2150E333-8FDC-42A3-9474-1A3956D46DE8}") = ".nuget", ".nuget", "{B6ED8D2B-F239-49DE-9D03-B6BAD7F1FED2}"
	ProjectSection(SolutionItems) = preProject
		.nuget\NuGet.Config = .nuget\NuGet.Config
		.nuget\NuGet.exe = .nuget\NuGet.exe
		.nuget\NuGet.targets = .nuget\NuGet.targets
	EndProjectSection
EndProject
Global
	GlobalSection(SolutionConfigurationPlatforms) = preSolution
		Debug|Any CPU = Debug|Any CPU
		Release|Any CPU = Release|Any CPU
	EndGlobalSection
	GlobalSection(ProjectConfigurationPlatforms) = postSolution
		{5B01A510-6545-43EC-A1CF-99C9740A4D1C}.Debug|Any CPU.ActiveCfg = Debug|Any CPU
		{5B01A510-6545-43EC-A1CF-99C9740A4D1C}.Debug|Any CPU.Build.0 = Debug|Any CPU
		{5B01A510-6545-43EC-A1CF-99C9740A4D1C}.Release|Any CPU.ActiveCfg = Release|Any CPU
		{5B01A510-6545-43EC-A1CF-99C9740A4D1C}.Release|Any CPU.Build.0 = Release|Any CPU
		{C7E2ACC0-1399-4C9F-9ED7-AF1F69FFF3C9}.Debug|Any CPU.ActiveCfg = Debug|Any CPU
		{C7E2ACC0-1399-4C9F-9ED7-AF1F69FFF3C9}.Debug|Any CPU.Build.0 = Debug|Any CPU
		{C7E2ACC0-1399-4C9F-9ED7-AF1F69FFF3C9}.Release|Any CPU.ActiveCfg = Release|Any CPU
		{C7E2ACC0-1399-4C9F-9ED7-AF1F69FFF3C9}.Release|Any CPU.Build.0 = Release|Any CPU
	EndGlobalSection
	GlobalSection(SolutionProperties) = preSolution
		HideSolutionNode = FALSE
	EndGlobalSection
EndGlobal
